
Microsoft Visual Studio Solution File, Format Version 12.00
# Visual Studio Version 17
VisualStudioVersion = 17.14.36623.8 d17.14
MinimumVisualStudioVersion = 10.0.40219.1
Project("{FAE04EC0-301F-11D3-BF4B-00C04F79EFBC}") = "WpfApp1", "WpfApp1.csproj", "{A610A463-63E3-4B2E-A9C0-CBFF2AFFACF3}"
EndProject
Global
	GlobalSection(SolutionConfigurationPlatforms) = preSolution
		Debug|Any CPU = Debug|Any CPU
		Release|Any CPU = Release|Any CPU
	EndGlobalSection
	GlobalSection(ProjectConfigurationPlatforms) = postSolution
		{A610A463-63E3-4B2E-A9C0-CBFF2AFFACF3}.Debug|Any CPU.ActiveCfg = Debug|Any CPU
		{A610A463-63E3-4B2E-A9C0-CBFF2AFFACF3}.Debug|Any CPU.Build.0 = Debug|Any CPU
		{A610A463-63E3-4B2E-A9C0-CBFF2AFFACF3}.Release|Any CPU.ActiveCfg = Release|Any CPU
		{A610A463-63E3-4B2E-A9C0-CBFF2AFFACF3}.Release|Any CPU.Build.0 = Release|Any CPU
	EndGlobalSection
	GlobalSection(SolutionProperties) = preSolution
		HideSolutionNode = FALSE
	EndGlobalSection
	GlobalSection(ExtensibilityGlobals) = postSolution
		SolutionGuid = {7A163B90-74B1-4BE5-862F-7A21A08B0762}
	EndGlobalSection
EndGlobal
